
Microsoft Visual Studio Solution File, Format Version 12.00
# Visual Studio 14
VisualStudioVersion = 14.0.25420.1
MinimumVisualStudioVersion = 10.0.40219.1
Project("{FAE04EC0-301F-11D3-BF4B-00C04F79EFBC}") = "RealCocktails.Core", "RaysHotDogs.Core\RealCocktails.Core.csproj", "{48E926D2-9CF9-44C1-B867-26B562879AB0}"
EndProject
Project("{FAE04EC0-301F-11D3-BF4B-00C04F79EFBC}") = "RealCocktails.Droid", "RealCocktails.Droid\RealCocktails.Droid.csproj", "{4FD53CCC-17FD-4718-946E-5EE7456F0D79}"
EndProject
Global
	GlobalSection(SolutionConfigurationPlatforms) = preSolution
		Debug|Any CPU = Debug|Any CPU
		Release|Any CPU = Release|Any CPU
	EndGlobalSection
	GlobalSection(ProjectConfigurationPlatforms) = postSolution
		{48E926D2-9CF9-44C1-B867-26B562879AB0}.Debug|Any CPU.ActiveCfg = Debug|Any CPU
		{48E926D2-9CF9-44C1-B867-26B562879AB0}.Debug|Any CPU.Build.0 = Debug|Any CPU
		{48E926D2-9CF9-44C1-B867-26B562879AB0}.Release|Any CPU.ActiveCfg = Release|Any CPU
		{48E926D2-9CF9-44C1-B867-26B562879AB0}.Release|Any CPU.Build.0 = Release|Any CPU
		{4FD53CCC-17FD-4718-946E-5EE7456F0D79}.Debug|Any CPU.ActiveCfg = Debug|Any CPU
		{4FD53CCC-17FD-4718-946E-5EE7456F0D79}.Debug|Any CPU.Build.0 = Debug|Any CPU
		{4FD53CCC-17FD-4718-946E-5EE7456F0D79}.Debug|Any CPU.Deploy.0 = Debug|Any CPU
		{4FD53CCC-17FD-4718-946E-5EE7456F0D79}.Release|Any CPU.ActiveCfg = Release|Any CPU
		{4FD53CCC-17FD-4718-946E-5EE7456F0D79}.Release|Any CPU.Build.0 = Release|Any CPU
		{4FD53CCC-17FD-4718-946E-5EE7456F0D79}.Release|Any CPU.Deploy.0 = Release|Any CPU
	EndGlobalSection
	GlobalSection(SolutionProperties) = preSolution
		HideSolutionNode = FALSE
	EndGlobalSection
EndGlobal
